
Microsoft Visual Studio Solution File, Format Version 12.00
# Visual Studio Version 17
VisualStudioVersion = 17.9.34622.214
MinimumVisualStudioVersion = 10.0.40219.1
Project("{FAE04EC0-301F-11D3-BF4B-00C04F79EFBC}") = "FluentValidationExamples", "FluentValidationExamples\FluentValidationExamples.csproj", "{465C6147-954A-4CA8-8734-87466BFA84FC}"
EndProject
Global
	GlobalSection(SolutionConfigurationPlatforms) = preSolution
		Debug|Any CPU = Debug|Any CPU
		Release|Any CPU = Release|Any CPU
	EndGlobalSection
	GlobalSection(ProjectConfigurationPlatforms) = postSolution
		{465C6147-954A-4CA8-8734-87466BFA84FC}.Debug|Any CPU.ActiveCfg = Debug|Any CPU
		{465C6147-954A-4CA8-8734-87466BFA84FC}.Debug|Any CPU.Build.0 = Debug|Any CPU
		{465C6147-954A-4CA8-8734-87466BFA84FC}.Release|Any CPU.ActiveCfg = Release|Any CPU
		{465C6147-954A-4CA8-8734-87466BFA84FC}.Release|Any CPU.Build.0 = Release|Any CPU
	EndGlobalSection
	GlobalSection(SolutionProperties) = preSolution
		HideSolutionNode = FALSE
	EndGlobalSection
	GlobalSection(ExtensibilityGlobals) = postSolution
		SolutionGuid = {BF65D32A-CB1C-46CF-952F-1BFF911F6E38}
	EndGlobalSection
EndGlobal
